
Microsoft Visual Studio Solution File, Format Version 12.00
# Visual Studio Version 17
VisualStudioVersion = 17.0.31903.59
MinimumVisualStudioVersion = 10.0.40219.1
Project("{8BC9CEB8-8B4A-11D0-8D11-00A0C91BC942}") = "Client2", "Client2\Client2.vcxproj", "{43DE0325-1175-4AAB-B2B9-DA62FAA28CEC}"
EndProject
Global
	GlobalSection(SolutionConfigurationPlatforms) = preSolution
		Debug|x64 = Debug|x64
		Debug|x86 = Debug|x86
		Release|x64 = Release|x64
		Release|x86 = Release|x86
	EndGlobalSection
	GlobalSection(ProjectConfigurationPlatforms) = postSolution
		{43DE0325-1175-4AAB-B2B9-DA62FAA28CEC}.Debug|x64.ActiveCfg = Debug|x64
		{43DE0325-1175-4AAB-B2B9-DA62FAA28CEC}.Debug|x64.Build.0 = Debug|x64
		{43DE0325-1175-4AAB-B2B9-DA62FAA28CEC}.Debug|x86.ActiveCfg = Debug|Win32
		{43DE0325-1175-4AAB-B2B9-DA62FAA28CEC}.Debug|x86.Build.0 = Debug|Win32
		{43DE0325-1175-4AAB-B2B9-DA62FAA28CEC}.Release|x64.ActiveCfg = Release|x64
		{43DE0325-1175-4AAB-B2B9-DA62FAA28CEC}.Release|x64.Build.0 = Release|x64
		{43DE0325-1175-4AAB-B2B9-DA62FAA28CEC}.Release|x86.ActiveCfg = Release|Win32
		{43DE0325-1175-4AAB-B2B9-DA62FAA28CEC}.Release|x86.Build.0 = Release|Win32
	EndGlobalSection
	GlobalSection(SolutionProperties) = preSolution
		HideSolutionNode = FALSE
	EndGlobalSection
	GlobalSection(ExtensibilityGlobals) = postSolution
		SolutionGuid = {73EFBA6F-1F0E-45A9-8CA5-56843E0D586E}
	EndGlobalSection
EndGlobal
